<?xml version="1.0" encoding="utf-8"?>
<Project ToolsVersion="4.0" xmlns="http://schemas.microsoft.com/developer/msbuild/2003">
  <ItemGroup>
    <Filter Include="Source Files">
      <UniqueIdentifier>{4FC737F1-C7A5-4376-A066-2A32D752A2FF}</UniqueIdentifier>
      <Extensions>cpp;c;cc;cxx;c++;cppm;ixx;def;odl;idl;hpj;bat;asm;asmx</Extensions>
    </Filter>
    <Filter Include="Header Files">
      <UniqueIdentifier>{93995380-89BD-4b04-88EB-625FBE52EBFB}</UniqueIdentifier>
      <Extensions>h;hh;hpp;hxx;h++;hm;inl;inc;ipp;xsd</Extensions>
    </Filter>
    <Filter Include="Resource Files">
      <UniqueIdentifier>{67DA6AB6-F800-4c08-8B7A-83BB121AAD01}</UniqueIdentifier>
      <Extensions>rc;ico;cur;bmp;dlg;rc2;rct;bin;rgs;gif;jpg;jpeg;jpe;resx;tiff;tif;png;wav;mfcribbon-ms</Extensions>
    </Filter>
    <Filter Include="Source Files\HLSL">
      <UniqueIdentifier>{e30e0abe-83a9-4a8e-8027-fbbb05f15c7a}</UniqueIdentifier>
    </Filter>
    <Filter Include="Source Files\HLSL\overlay">
      <UniqueIdentifier>{4c15a9e4-7ccb-44d4-b2a1-9b8970df51c4}</UniqueIdentifier>
    </Filter>
    <Filter Include="Source Files\app">
      <UniqueIdentifier>{aef52eb6-d9bc-47ce-8d4e-0b928243ad94}</UniqueIdentifier>
    </Filter>
  </ItemGroup>
  <ItemGroup>
    <ClCompile Include="Application.cpp">
      <Filter>Source Files\app</Filter>
    </ClCompile>
    <ClCompile Include="DXRTApp.cpp">
      <Filter>Source Files\app</Filter>
    </ClCompile>
    <ClCompile Include="DXRTMainWindow.cpp">
      <Filter>Source Files\app</Filter>
    </ClCompile>
    <ClCompile Include="DXRTRenderer.cpp">
      <Filter>Source Files\app</Filter>
    </ClCompile>
    <ClCompile Include="DXRTViewportWidget.cpp">
      <Filter>Source Files\app</Filter>
    </ClCompile>
    <ClCompile Include="CRTSceneParser.cpp">
      <Filter>Source Files</Filter>
    </ClCompile>
    <ClCompile Include="CRTVector.cpp">
      <Filter>Source Files</Filter>
    </ClCompile>
    <ClCompile Include="CRTMatrix.cpp">
      <Filter>Source Files</Filter>
    </ClCompile>
    <ClCompile Include="CRTCamera.cpp">
      <Filter>Source Files</Filter>
    </ClCompile>
    <ClCompile Include="CRTLight.cpp">
      <Filter>Source Files</Filter>
    </ClCompile>
    <ClCompile Include="CRTMaterial.cpp">
      <Filter>Source Files</Filter>
    </ClCompile>
    <ClCompile Include="CRTMesh.cpp">
      <Filter>Source Files</Filter>
    </ClCompile>
    <ClCompile Include="CRTTriangle.cpp">
      <Filter>Source Files</Filter>
    </ClCompile>
    <ClCompile Include="CRTScene.cpp">
      <Filter>Source Files</Filter>
    </ClCompile>
    <ClCompile Include="CRTTexture.cpp">
      <Filter>Source Files</Filter>
    </ClCompile>
    <ClCompile Include="CRTTextureAlbedo.cpp">
      <Filter>Source Files</Filter>
    </ClCompile>
    <ClCompile Include="CRTTextureBitmap.cpp">
      <Filter>Source Files</Filter>
    </ClCompile>
    <ClCompile Include="CRTTextureChecker.cpp">
      <Filter>Source Files</Filter>
    </ClCompile>
    <ClCompile Include="CRTTextureEdges.cpp">
      <Filter>Source Files</Filter>
    </ClCompile>
  </ItemGroup>
  <ItemGroup>
    <ClInclude Include="DXRTRenderer.h">
      <Filter>Header Files</Filter>
    </ClInclude>
    <ClInclude Include="CRTSceneParser.h">
      <Filter>Header Files</Filter>
    </ClInclude>
    <ClInclude Include="CRTVector.h">
      <Filter>Header Files</Filter>
    </ClInclude>
    <ClInclude Include="CRTMatrix.h">
      <Filter>Header Files</Filter>
    </ClInclude>
    <ClInclude Include="CRTCamera.h">
      <Filter>Header Files</Filter>
    </ClInclude>
    <ClInclude Include="CRTLight.h">
      <Filter>Header Files</Filter>
    </ClInclude>
    <ClInclude Include="CRTMaterial.h">
      <Filter>Header Files</Filter>
    </ClInclude>
    <ClInclude Include="CRTMesh.h">
      <Filter>Header Files</Filter>
    </ClInclude>
    <ClInclude Include="CRTTriangle.h">
      <Filter>Header Files</Filter>
    </ClInclude>
    <ClInclude Include="CRTScene.h">
      <Filter>Header Files</Filter>
    </ClInclude>
    <ClInclude Include="CRTTexture.h">
      <Filter>Header Files</Filter>
    </ClInclude>
    <ClInclude Include="CRTTextureAlbedo.h">
      <Filter>Header Files</Filter>
    </ClInclude>
    <ClInclude Include="CRTTextureBitmap.h">
      <Filter>Header Files</Filter>
    </ClInclude>
    <ClInclude Include="CRTTextureChecker.h">
      <Filter>Header Files</Filter>
    </ClInclude>
    <ClInclude Include="CRTTextureEdges.h">
      <Filter>Header Files</Filter>
    </ClInclude>
  </ItemGroup>
  <ItemGroup>
    <QtMoc Include="DXRTApp.h">
      <Filter>Header Files</Filter>
    </QtMoc>
    <QtMoc Include="DXRTMainWindow.h">
      <Filter>Header Files</Filter>
    </QtMoc>
    <QtMoc Include="DXRTViewportWidget.h">
      <Filter>Header Files</Filter>
    </QtMoc>
  </ItemGroup>
  <ItemGroup>
    <FxCompile Include="HLSL\ConstColor.hlsl">
      <Filter>Source Files\HLSL\overlay</Filter>
    </FxCompile>
    <FxCompile Include="HLSL\ConstColorVS.hlsl">
      <Filter>Source Files\HLSL\overlay</Filter>
    </FxCompile>
  </ItemGroup>
</Project>